Microsoft Visual Studio Solution File, Format Version 12.00
# Visual Studio Version 17
VisualStudioVersion = 17.5.2.0
MinimumVisualStudioVersion = 10.0.40219.1
Project("{FAE04EC0-301F-11D3-BF4B-00C04F79EFBC}") = "BackendUsuarios", "BackendUsuarios.csproj", "{F24C643D-F719-A918-15F7-9D0F1C91BE1C}"
EndProject
Global
	GlobalSection(SolutionConfigurationPlatforms) = preSolution
		Debug|Any CPU = Debug|Any CPU
		Release|Any CPU = Release|Any CPU
	EndGlobalSection
	GlobalSection(ProjectConfigurationPlatforms) = postSolution
		{F24C643D-F719-A918-15F7-9D0F1C91BE1C}.Debug|Any CPU.ActiveCfg = Debug|Any CPU
		{F24C643D-F719-A918-15F7-9D0F1C91BE1C}.Debug|Any CPU.Build.0 = Debug|Any CPU
		{F24C643D-F719-A918-15F7-9D0F1C91BE1C}.Release|Any CPU.ActiveCfg = Release|Any CPU
		{F24C643D-F719-A918-15F7-9D0F1C91BE1C}.Release|Any CPU.Build.0 = Release|Any CPU
	EndGlobalSection
	GlobalSection(SolutionProperties) = preSolution
		HideSolutionNode = FALSE
	EndGlobalSection
	GlobalSection(ExtensibilityGlobals) = postSolution
		SolutionGuid = {6297A068-5630-4348-B540-7731EA8F58DC}
	EndGlobalSection
EndGlobal
